
Microsoft Visual Studio Solution File, Format Version 12.00
# Visual Studio Version 17
VisualStudioVersion = 17.13.35825.156 d17.13
MinimumVisualStudioVersion = 10.0.40219.1
Project("{FAE04EC0-301F-11D3-BF4B-00C04F79EFBC}") = "Print", "Print\Print.csproj", "{1BDE8D60-3A55-424E-800F-1B728C939344}"
EndProject
Project("{FAE04EC0-301F-11D3-BF4B-00C04F79EFBC}") = "VehicleInfo", "VehicleInfo\VehicleInfo.csproj", "{A492E1CB-E6BF-45AA-A3AB-2323D0E434DC}"
EndProject
Global
	GlobalSection(SolutionConfigurationPlatforms) = preSolution
		Debug|Any CPU = Debug|Any CPU
		Release|Any CPU = Release|Any CPU
	EndGlobalSection
	GlobalSection(ProjectConfigurationPlatforms) = postSolution
		{1BDE8D60-3A55-424E-800F-1B728C939344}.Debug|Any CPU.ActiveCfg = Debug|Any CPU
		{1BDE8D60-3A55-424E-800F-1B728C939344}.Debug|Any CPU.Build.0 = Debug|Any CPU
		{1BDE8D60-3A55-424E-800F-1B728C939344}.Release|Any CPU.ActiveCfg = Release|Any CPU
		{1BDE8D60-3A55-424E-800F-1B728C939344}.Release|Any CPU.Build.0 = Release|Any CPU
		{A492E1CB-E6BF-45AA-A3AB-2323D0E434DC}.Debug|Any CPU.ActiveCfg = Debug|Any CPU
		{A492E1CB-E6BF-45AA-A3AB-2323D0E434DC}.Debug|Any CPU.Build.0 = Debug|Any CPU
		{A492E1CB-E6BF-45AA-A3AB-2323D0E434DC}.Release|Any CPU.ActiveCfg = Release|Any CPU
		{A492E1CB-E6BF-45AA-A3AB-2323D0E434DC}.Release|Any CPU.Build.0 = Release|Any CPU
	EndGlobalSection
	GlobalSection(SolutionProperties) = preSolution
		HideSolutionNode = FALSE
	EndGlobalSection
	GlobalSection(ExtensibilityGlobals) = postSolution
		SolutionGuid = {B425A21D-2E08-4ABC-8462-C565088D8D9C}
	EndGlobalSection
EndGlobal
